<?xml version="1.0" encoding="utf-8"?>
<Project ToolsVersion="4.0" xmlns="http://schemas.microsoft.com/developer/msbuild/2003">
  <ItemGroup>
    <Filter Include="Source Files">
      <UniqueIdentifier>{4FC737F1-C7A5-4376-A066-2A32D752A2FF}</UniqueIdentifier>
      <Extensions>cpp;c;cc;cxx;def;odl;idl;hpj;bat;asm;asmx</Extensions>
    </Filter>
    <Filter Include="Header Files">
      <UniqueIdentifier>{93995380-89BD-4b04-88EB-625FBE52EBFB}</UniqueIdentifier>
      <Extensions>h;hh;hpp;hxx;hm;inl;inc;ipp;xsd</Extensions>
    </Filter>
    <Filter Include="Resource Files">
      <UniqueIdentifier>{67DA6AB6-F800-4c08-8B7A-83BB121AAD01}</UniqueIdentifier>
      <Extensions>rc;ico;cur;bmp;dlg;rc2;rct;bin;rgs;gif;jpg;jpeg;jpe;resx;tiff;tif;png;wav;mfcribbon-ms</Extensions>
    </Filter>
    <Filter Include="game">
      <UniqueIdentifier>{1ebfd53f-d4ef-4159-a2e2-1a4a2dca25c2}</UniqueIdentifier>
    </Filter>
    <Filter Include="game\datatypes">
      <UniqueIdentifier>{ec984712-f019-4ef5-be33-d1aebebbb28b}</UniqueIdentifier>
    </Filter>
    <Filter Include="features">
      <UniqueIdentifier>{2f9f8c9b-2bd2-4674-93be-2713e327d013}</UniqueIdentifier>
    </Filter>
    <Filter Include="dependencies">
      <UniqueIdentifier>{00d97cd2-a041-45d0-a517-ff148964e921}</UniqueIdentifier>
    </Filter>
    <Filter Include="dependencies\fmt">
      <UniqueIdentifier>{e23d3caf-c838-4751-95dd-0395b9d89033}</UniqueIdentifier>
    </Filter>
    <Filter Include="dependencies\mIni">
      <UniqueIdentifier>{aede312f-78e2-469a-a7fd-3ced9cc1f4bf}</UniqueIdentifier>
    </Filter>
    <Filter Include="dependencies\imgui">
      <UniqueIdentifier>{723500bc-e021-430c-b0e2-890562d2767e}</UniqueIdentifier>
    </Filter>
  </ItemGroup>
  <ItemGroup>
    <ClCompile Include="ErectusMemory.cpp">
      <Filter>Source Files</Filter>
    </ClCompile>
    <ClCompile Include="ErectusProcess.cpp">
      <Filter>Source Files</Filter>
    </ClCompile>
    <ClCompile Include="_main.cpp">
      <Filter>Source Files</Filter>
    </ClCompile>
    <ClCompile Include="settings.cpp">
      <Filter>Source Files</Filter>
    </ClCompile>
    <ClCompile Include="utils.cpp">
      <Filter>Source Files</Filter>
    </ClCompile>
    <ClCompile Include="renderer.cpp">
      <Filter>Source Files</Filter>
    </ClCompile>
    <ClCompile Include="threads.cpp">
      <Filter>Source Files</Filter>
    </ClCompile>
    <ClCompile Include="gui.cpp">
      <Filter>Source Files</Filter>
    </ClCompile>
    <ClCompile Include="app.cpp">
      <Filter>Source Files</Filter>
    </ClCompile>
    <ClCompile Include="Window.cpp">
      <Filter>Source Files</Filter>
    </ClCompile>
    <ClCompile Include="game\Game.cpp">
      <Filter>game</Filter>
    </ClCompile>
    <ClCompile Include="game\Datatypes\Camera.cpp">
      <Filter>game\datatypes</Filter>
    </ClCompile>
    <ClCompile Include="game\Datatypes\LoadedAreaManager.cpp">
      <Filter>game\datatypes</Filter>
    </ClCompile>
    <ClCompile Include="game\Datatypes\TesItem.cpp">
      <Filter>game\datatypes</Filter>
    </ClCompile>
    <ClCompile Include="game\Datatypes\TesObjectCell.cpp">
      <Filter>game\datatypes</Filter>
    </ClCompile>
    <ClCompile Include="game\Datatypes\TesObjectRefr.cpp">
      <Filter>game\datatypes</Filter>
    </ClCompile>
    <ClCompile Include="features\Looter.cpp">
      <Filter>features</Filter>
    </ClCompile>
    <ClCompile Include="features\MsgSender.cpp">
      <Filter>features</Filter>
    </ClCompile>
    <ClCompile Include="features\PlayerStatsEditor.cpp">
      <Filter>features</Filter>
    </ClCompile>
    <ClCompile Include="features\WeaponEditor.cpp">
      <Filter>features</Filter>
    </ClCompile>
    <ClCompile Include="dependencies\imgui\imgui.cpp">
      <Filter>dependencies\imgui</Filter>
    </ClCompile>
    <ClCompile Include="dependencies\imgui\imgui_draw.cpp">
      <Filter>dependencies\imgui</Filter>
    </ClCompile>
    <ClCompile Include="dependencies\imgui\imgui_impl_dx9.cpp">
      <Filter>dependencies\imgui</Filter>
    </ClCompile>
    <ClCompile Include="dependencies\imgui\imgui_impl_win32.cpp">
      <Filter>dependencies\imgui</Filter>
    </ClCompile>
    <ClCompile Include="dependencies\imgui\imgui_stdlib.cpp">
      <Filter>dependencies\imgui</Filter>
    </ClCompile>
    <ClCompile Include="dependencies\imgui\imgui_widgets.cpp">
      <Filter>dependencies\imgui</Filter>
    </ClCompile>
    <ClCompile Include="dependencies\fmt\format.cc">
      <Filter>dependencies\fmt</Filter>
    </ClCompile>
    <ClCompile Include="features\Opk.cpp">
      <Filter>features</Filter>
    </ClCompile>
  </ItemGroup>
  <ItemGroup>
    <Image Include="Erectus.ico">
      <Filter>Resource Files</Filter>
    </Image>
  </ItemGroup>
  <ItemGroup>
    <ResourceCompile Include="Erectus.rc">
      <Filter>Resource Files</Filter>
    </ResourceCompile>
  </ItemGroup>
  <ItemGroup>
    <ClInclude Include="resource.h">
      <Filter>Header Files</Filter>
    </ClInclude>
    <ClInclude Include="settings.h">
      <Filter>Header Files</Filter>
    </ClInclude>
    <ClInclude Include="utils.h">
      <Filter>Header Files</Filter>
    </ClInclude>
    <ClInclude Include="renderer.h">
      <Filter>Header Files</Filter>
    </ClInclude>
    <ClInclude Include="threads.h">
      <Filter>Header Files</Filter>
    </ClInclude>
    <ClInclude Include="gui.h">
      <Filter>Header Files</Filter>
    </ClInclude>
    <ClInclude Include="app.h">
      <Filter>Header Files</Filter>
    </ClInclude>
    <ClInclude Include="ErectusProcess.h">
      <Filter>Header Files</Filter>
    </ClInclude>
    <ClInclude Include="ErectusMemory.h">
      <Filter>Header Files</Filter>
    </ClInclude>
    <ClInclude Include="common.h">
      <Filter>Header Files</Filter>
    </ClInclude>
    <ClInclude Include="Window.hpp">
      <Filter>Header Files</Filter>
    </ClInclude>
    <ClInclude Include="game\Game.h">
      <Filter>game</Filter>
    </ClInclude>
    <ClInclude Include="game\Datatypes\Camera.h">
      <Filter>game\datatypes</Filter>
    </ClInclude>
    <ClInclude Include="game\Datatypes\LoadedAreaManager.h">
      <Filter>game\datatypes</Filter>
    </ClInclude>
    <ClInclude Include="game\Datatypes\LocalPlayer.h">
      <Filter>game\datatypes</Filter>
    </ClInclude>
    <ClInclude Include="game\Datatypes\TesItem.h">
      <Filter>game\datatypes</Filter>
    </ClInclude>
    <ClInclude Include="game\Datatypes\TesObjectCell.h">
      <Filter>game\datatypes</Filter>
    </ClInclude>
    <ClInclude Include="game\Datatypes\TesObjectRefr.h">
      <Filter>game\datatypes</Filter>
    </ClInclude>
    <ClInclude Include="game\Datatypes\TesWorldSpace.h">
      <Filter>game\datatypes</Filter>
    </ClInclude>
    <ClInclude Include="features\Looter.h">
      <Filter>features</Filter>
    </ClInclude>
    <ClInclude Include="features\MsgSender.h">
      <Filter>features</Filter>
    </ClInclude>
    <ClInclude Include="features\PlayerStatsEditor.h">
      <Filter>features</Filter>
    </ClInclude>
    <ClInclude Include="features\WeaponEditor.h">
      <Filter>features</Filter>
    </ClInclude>
    <ClInclude Include="dependencies\fmt\fmt\core.h">
      <Filter>dependencies\fmt</Filter>
    </ClInclude>
    <ClInclude Include="dependencies\fmt\fmt\format.h">
      <Filter>dependencies\fmt</Filter>
    </ClInclude>
    <ClInclude Include="dependencies\fmt\fmt\format-inl.h">
      <Filter>dependencies\fmt</Filter>
    </ClInclude>
    <ClInclude Include="dependencies\mIni\ini.h">
      <Filter>dependencies\mIni</Filter>
    </ClInclude>
    <ClInclude Include="dependencies\imgui\imconfig.h">
      <Filter>dependencies\imgui</Filter>
    </ClInclude>
    <ClInclude Include="dependencies\imgui\imgui.h">
      <Filter>dependencies\imgui</Filter>
    </ClInclude>
    <ClInclude Include="dependencies\imgui\imgui_impl_dx9.h">
      <Filter>dependencies\imgui</Filter>
    </ClInclude>
    <ClInclude Include="dependencies\imgui\imgui_impl_win32.h">
      <Filter>dependencies\imgui</Filter>
    </ClInclude>
    <ClInclude Include="dependencies\imgui\imgui_internal.h">
      <Filter>dependencies\imgui</Filter>
    </ClInclude>
    <ClInclude Include="dependencies\imgui\imgui_stdlib.h">
      <Filter>dependencies\imgui</Filter>
    </ClInclude>
    <ClInclude Include="dependencies\imgui\imstb_rectpack.h">
      <Filter>dependencies\imgui</Filter>
    </ClInclude>
    <ClInclude Include="dependencies\imgui\imstb_textedit.h">
      <Filter>dependencies\imgui</Filter>
    </ClInclude>
    <ClInclude Include="dependencies\imgui\imstb_truetype.h">
      <Filter>dependencies\imgui</Filter>
    </ClInclude>
    <ClInclude Include="features\Opk.h">
      <Filter>features</Filter>
    </ClInclude>
  </ItemGroup>
</Project>